// !$*UTF8*$!
{
	archiveVersion = 1;
	classes = {
	};
	objectVersion = 50;
	objects = {

/* Begin PBXBuildFile section */
		2327B94E808A0B3433C3C358 /* Pods_CZPickerViewDemo.framework in Frameworks */ = {isa = PBXBuildFile; fileRef = F1FA558AD082ECF125EAFA8E /* Pods_CZPickerViewDemo.framework */; };
		FD05C0E9219FDCF6009E238E /* AppDelegate.swift in Sources */ = {isa = PBXBuildFile; fileRef = FD05C0E8219FDCF6009E238E /* AppDelegate.swift */; };
		FD05C0EB219FDCF6009E238E /* ViewController.swift in Sources */ = {isa = PBXBuildFile; fileRef = FD05C0EA219FDCF6009E238E /* ViewController.swift */; };
		FD05C0EE219FDCF6009E238E /* Main.storyboard in Resources */ = {isa = PBXBuildFile; fileRef = FD05C0EC219FDCF6009E238E /* Main.storyboard */; };
		FD05C0F0219FDD11009E238E /* Assets.xcassets in Resources */ = {isa = PBXBuildFile; fileRef = FD05C0EF219FDD11009E238E /* Assets.xcassets */; };
		FD05C0F3219FDD11009E238E /* LaunchScreen.storyboard in Resources */ = {isa = PBXBuildFile; fileRef = FD05C0F1219FDD11009E238E /* LaunchScreen.storyboard */; };
		FD321E4021A2CDB50006F0E0 /* EventKit.framework in Frameworks */ = {isa = PBXBuildFile; fileRef = FD321E3F21A2CDB50006F0E0 /* EventKit.framework */; };
/* End PBXBuildFile section */

/* Begin PBXFileReference section */
		51060ACF6C70473D822D61B6 /* Pods-CZPickerViewDemo.release.xcconfig */ = {isa = PBXFileReference; includeInIndex = 1; lastKnownFileType = text.xcconfig; name = "Pods-CZPickerViewDemo.release.xcconfig"; path = "Pods/Target Support Files/Pods-CZPickerViewDemo/Pods-CZPickerViewDemo.release.xcconfig"; sourceTree = "<group>"; };
		B23D114629FD1FD943F534C1 /* Pods-CZPickerViewDemo.debug.xcconfig */ = {isa = PBXFileReference; includeInIndex = 1; lastKnownFileType = text.xcconfig; name = "Pods-CZPickerViewDemo.debug.xcconfig"; path = "Pods/Target Support Files/Pods-CZPickerViewDemo/Pods-CZPickerViewDemo.debug.xcconfig"; sourceTree = "<group>"; };
		F1FA558AD082ECF125EAFA8E /* Pods_CZPickerViewDemo.framework */ = {isa = PBXFileReference; explicitFileType = wrapper.framework; includeInIndex = 0; path = Pods_CZPickerViewDemo.framework; sourceTree = BUILT_PRODUCTS_DIR; };
		FD05C0E5219FDCF6009E238E /* CZPickerViewDemo.app */ = {isa = PBXFileReference; explicitFileType = wrapper.application; includeInIndex = 0; path = CZPickerViewDemo.app; sourceTree = BUILT_PRODUCTS_DIR; };
		FD05C0E8219FDCF6009E238E /* AppDelegate.swift */ = {isa = PBXFileReference; lastKnownFileType = sourcecode.swift; path = AppDelegate.swift; sourceTree = "<group>"; };
		FD05C0EA219FDCF6009E238E /* ViewController.swift */ = {isa = PBXFileReference; lastKnownFileType = sourcecode.swift; path = ViewController.swift; sourceTree = "<group>"; };
		FD05C0ED219FDCF6009E238E /* Base */ = {isa = PBXFileReference; lastKnownFileType = file.storyboard; name = Base; path = Base.lproj/Main.storyboard; sourceTree = "<group>"; };
		FD05C0EF219FDD11009E238E /* Assets.xcassets */ = {isa = PBXFileReference; lastKnownFileType = folder.assetcatalog; path = Assets.xcassets; sourceTree = "<group>"; };
		FD05C0F2219FDD11009E238E /* Base */ = {isa = PBXFileReference; lastKnownFileType = file.storyboard; name = Base; path = Base.lproj/LaunchScreen.storyboard; sourceTree = "<group>"; };
		FD05C0F4219FDD11009E238E /* Info.plist */ = {isa = PBXFileReference; lastKnownFileType = text.plist.xml; path = Info.plist; sourceTree = "<group>"; };
		FD321E3F21A2CDB50006F0E0 /* EventKit.framework */ = {isa = PBXFileReference; lastKnownFileType = wrapper.framework; name = EventKit.framework; path = System/Library/Frameworks/EventKit.framework; sourceTree = SDKROOT; };
/* End PBXFileReference section */

/* Begin PBXFrameworksBuildPhase section */
		FD05C0E2219FDCF6009E238E /* Frameworks */ = {
			isa = PBXFrameworksBuildPhase;
			buildActionMask = 2147483647;
			files = (
				FD321E4021A2CDB50006F0E0 /* EventKit.framework in Frameworks */,
				2327B94E808A0B3433C3C358 /* Pods_CZPickerViewDemo.framework in Frameworks */,
			);
			runOnlyForDeploymentPostprocessing = 0;
		};
/* End PBXFrameworksBuildPhase section */

/* Begin PBXGroup section */
		D815800E88031C2C0D62BFCE /* Pods */ = {
			isa = PBXGroup;
			children = (
				B23D114629FD1FD943F534C1 /* Pods-CZPickerViewDemo.debug.xcconfig */,
				51060ACF6C70473D822D61B6 /* Pods-CZPickerViewDemo.release.xcconfig */,
			);
			name = Pods;
			sourceTree = "<group>";
		};
		EF069619B6A5138CB45A21E0 /* Frameworks */ = {
			isa = PBXGroup;
			children = (
				FD321E3F21A2CDB50006F0E0 /* EventKit.framework */,
				F1FA558AD082ECF125EAFA8E /* Pods_CZPickerViewDemo.framework */,
			);
			name = Frameworks;
			sourceTree = "<group>";
		};
		FD05C0DC219FDCF6009E238E = {
			isa = PBXGroup;
			children = (
				FD05C0E7219FDCF6009E238E /* CZPickerViewDemo */,
				FD05C0E6219FDCF6009E238E /* Products */,
				D815800E88031C2C0D62BFCE /* Pods */,
				EF069619B6A5138CB45A21E0 /* Frameworks */,
			);
			sourceTree = "<group>";
		};
		FD05C0E6219FDCF6009E238E /* Products */ = {
			isa = PBXGroup;
			children = (
				FD05C0E5219FDCF6009E238E /* CZPickerViewDemo.app */,
			);
			name = Products;
			sourceTree = "<group>";
		};
		FD05C0E7219FDCF6009E238E /* CZPickerViewDemo */ = {
			isa = PBXGroup;
			children = (
				FD05C0E8219FDCF6009E238E /* AppDelegate.swift */,
				FD05C0EA219FDCF6009E238E /* ViewController.swift */,
				FD05C0EC219FDCF6009E238E /* Main.storyboard */,
				FD05C0EF219FDD11009E238E /* Assets.xcassets */,
				FD05C0F1219FDD11009E238E /* LaunchScreen.storyboard */,
				FD05C0F4219FDD11009E238E /* Info.plist */,
			);
			path = CZPickerViewDemo;
			sourceTree = "<group>";
		};
/* End PBXGroup section */

/* Begin PBXNativeTarget section */
		FD05C0E4219FDCF6009E238E /* CZPickerViewDemo */ = {
			isa = PBXNativeTarget;
			buildConfigurationList = FD05C0F7219FDD11009E238E /* Build configuration list for PBXNativeTarget "CZPickerViewDemo" */;
			buildPhases = (
				4767009786709EEB06F0502B /* [CP] Check Pods Manifest.lock */,
				FD05C0E1219FDCF6009E238E /* Sources */,
				FD05C0E2219FDCF6009E238E /* Frameworks */,
				FD05C0E3219FDCF6009E238E /* Resources */,
				0C71F2EA735821D1EB3790E2 /* [CP] Embed Pods Frameworks */,
			);
			buildRules = (
			);
			dependencies = (
			);
			name = CZPickerViewDemo;
			productName = CZPickerViewDemo;
			productReference = FD05C0E5219FDCF6009E238E /* CZPickerViewDemo.app */;
			productType = "com.apple.product-type.application";
		};
/* End PBXNativeTarget section */

/* Begin PBXProject section */
		FD05C0DD219FDCF6009E238E /* Project object */ = {
			isa = PBXProject;
			attributes = {
				LastSwiftUpdateCheck = 0940;
				LastUpgradeCheck = 0940;
				ORGANIZATIONNAME = "volive solutions";
				TargetAttributes = {
					FD05C0E4219FDCF6009E238E = {
						CreatedOnToolsVersion = 9.4.1;
					};
				};
			};
			buildConfigurationList = FD05C0E0219FDCF6009E238E /* Build configuration list for PBXProject "CZPickerViewDemo" */;
			compatibilityVersion = "Xcode 9.3";
			developmentRegion = en;
			hasScannedForEncodings = 0;
			knownRegions = (
				en,
				Base,
			);
			mainGroup = FD05C0DC219FDCF6009E238E;
			productRefGroup = FD05C0E6219FDCF6009E238E /* Products */;
			projectDirPath = "";
			projectRoot = "";
			targets = (
				FD05C0E4219FDCF6009E238E /* CZPickerViewDemo */,
			);
		};
/* End PBXProject section */

/* Begin PBXResourcesBuildPhase section */
		FD05C0E3219FDCF6009E238E /* Resources */ = {
			isa = PBXResourcesBuildPhase;
			buildActionMask = 2147483647;
			files = (
				FD05C0F3219FDD11009E238E /* LaunchScreen.storyboard in Resources */,
				FD05C0F0219FDD11009E238E /* Assets.xcassets in Resources */,
				FD05C0EE219FDCF6009E238E /* Main.storyboard in Resources */,
			);
			runOnlyForDeploymentPostprocessing = 0;
		};
/* End PBXResourcesBuildPhase section */

/* Begin PBXShellScriptBuildPhase section */
		0C71F2EA735821D1EB3790E2 /* [CP] Embed Pods Frameworks */ = {
			isa = PBXShellScriptBuildPhase;
			buildActionMask = 2147483647;
			files = (
			);
			inputPaths = (
				"${SRCROOT}/Pods/Target Support Files/Pods-CZPickerViewDemo/Pods-CZPickerViewDemo-frameworks.sh",
				"${BUILT_PRODUCTS_DIR}/CZPicker/CZPicker.framework",
			);
			name = "[CP] Embed Pods Frameworks";
			outputPaths = (
				"${TARGET_BUILD_DIR}/${FRAMEWORKS_FOLDER_PATH}/CZPicker.framework",
			);
			runOnlyForDeploymentPostprocessing = 0;
			shellPath = /bin/sh;
			shellScript = "\"${SRCROOT}/Pods/Target Support Files/Pods-CZPickerViewDemo/Pods-CZPickerViewDemo-frameworks.sh\"\n";
			showEnvVarsInLog = 0;
		};
		4767009786709EEB06F0502B /* [CP] Check Pods Manifest.lock */ = {
			isa = PBXShellScriptBuildPhase;
			buildActionMask = 2147483647;
			files = (
			);
			inputPaths = (
				"${PODS_PODFILE_DIR_PATH}/Podfile.lock",
				"${PODS_ROOT}/Manifest.lock",
			);
			name = "[CP] Check Pods Manifest.lock";
			outputPaths = (
				"$(DERIVED_FILE_DIR)/Pods-CZPickerViewDemo-checkManifestLockResult.txt",
			);
			runOnlyForDeploymentPostprocessing = 0;
			shellPath = /bin/sh;
			shellScript = "diff \"${PODS_PODFILE_DIR_PATH}/Podfile.lock\" \"${PODS_ROOT}/Manifest.lock\" > /dev/null\nif [ $? != 0 ] ; then\n    # print error to STDERR\n    echo \"error: The sandbox is not in sync with the Podfile.lock. Run 'pod install' or update your CocoaPods installation.\" >&2\n    exit 1\nfi\n# This output is used by Xcode 'outputs' to avoid re-running this script phase.\necho \"SUCCESS\" > \"${SCRIPT_OUTPUT_FILE_0}\"\n";
			showEnvVarsInLog = 0;
		};
/* End PBXShellScriptBuildPhase section */

/* Begin PBXSourcesBuildPhase section */
		FD05C0E1219FDCF6009E238E /* Sources */ = {
			isa = PBXSourcesBuildPhase;
			buildActionMask = 2147483647;
			files = (
				FD05C0EB219FDCF6009E238E /* ViewController.swift in Sources */,
				FD05C0E9219FDCF6009E238E /* AppDelegate.swift in Sources */,
			);
			runOnlyForDeploymentPostprocessing = 0;
		};
/* End PBXSourcesBuildPhase section */

/* Begin PBXVariantGroup section */
		FD05C0EC219FDCF6009E238E /* Main.storyboard */ = {
			isa = PBXVariantGroup;
			children = (
				FD05C0ED219FDCF6009E238E /* Base */,
			);
			name = Main.storyboard;
			sourceTree = "<group>";
		};
		FD05C0F1219FDD11009E238E /* LaunchScreen.storyboard */ = {
			isa = PBXVariantGroup;
			children = (
				FD05C0F2219FDD11009E238E /* Base */,
			);
			name = LaunchScreen.storyboard;
			sourceTree = "<group>";
		};
/* End PBXVariantGroup section */

/* Begin XCBuildConfiguration section */
		FD05C0F5219FDD11009E238E /* Debug */ = {
			isa = XCBuildConfiguration;
			buildSettings = {
				ALWAYS_SEARCH_USER_PATHS = NO;
				CLANG_ANALYZER_NONNULL = YES;
				CLANG_ANALYZER_NUMBER_OBJECT_CONVERSION = YES_AGGRESSIVE;
				CLANG_CXX_LANGUAGE_STANDARD = "gnu++14";
				CLANG_CXX_LIBRARY = "libc++";
				CLANG_ENABLE_MODULES = YES;
				CLANG_ENABLE_OBJC_ARC = YES;
				CLANG_ENABLE_OBJC_WEAK = YES;
				CLANG_WARN_BLOCK_CAPTURE_AUTORELEASING = YES;
				CLANG_WARN_BOOL_CONVERSION = YES;
				CLANG_WARN_COMMA = YES;
				CLANG_WARN_CONSTANT_CONVERSION = YES;
				CLANG_WARN_DEPRECATED_OBJC_IMPLEMENTATIONS = YES;
				CLANG_WARN_DIRECT_OBJC_ISA_USAGE = YES_ERROR;
				CLANG_WARN_DOCUMENTATION_COMMENTS = YES;
				CLANG_WARN_EMPTY_BODY = YES;
				CLANG_WARN_ENUM_CONVERSION = YES;
				CLANG_WARN_INFINITE_RECURSION = YES;
				CLANG_WARN_INT_CONVERSION = YES;
				CLANG_WARN_NON_LITERAL_NULL_CONVERSION = YES;
				CLANG_WARN_OBJC_IMPLICIT_RETAIN_SELF = YES;
				CLANG_WARN_OBJC_LITERAL_CONVERSION = YES;
				CLANG_WARN_OBJC_ROOT_CLASS = YES_ERROR;
				CLANG_WARN_RANGE_LOOP_ANALYSIS = YES;
				CLANG_WARN_STRICT_PROTOTYPES = YES;
				CLANG_WARN_SUSPICIOUS_MOVE = YES;
				CLANG_WARN_UNGUARDED_AVAILABILITY = YES_AGGRESSIVE;
				CLANG_WARN_UNREACHABLE_CODE = YES;
				CLANG_WARN__DUPLICATE_METHOD_MATCH = YES;
				CODE_SIGN_IDENTITY = "iPhone Developer";
				COPY_PHASE_STRIP = NO;
				DEBUG_INFORMATION_FORMAT = dwarf;
				ENABLE_STRICT_OBJC_MSGSEND = YES;
				ENABLE_TESTABILITY = YES;
				GCC_C_LANGUAGE_STANDARD = gnu11;
				GCC_DYNAMIC_NO_PIC = NO;
				GCC_NO_COMMON_BLOCKS = YES;
				GCC_OPTIMIZATION_LEVEL = 0;
				GCC_PREPROCESSOR_DEFINITIONS = (
					"DEBUG=1",
					"$(inherited)",
				);
				GCC_WARN_64_TO_32_BIT_CONVERSION = YES;
				GCC_WARN_ABOUT_RETURN_TYPE = YES_ERROR;
				GCC_WARN_UNDECLARED_SELECTOR = YES;
				GCC_WARN_UNINITIALIZED_AUTOS = YES_AGGRESSIVE;
				GCC_WARN_UNUSED_FUNCTION = YES;
				GCC_WARN_UNUSED_VARIABLE = YES;
				IPHONEOS_DEPLOYMENT_TARGET = 11.4;
				MTL_ENABLE_DEBUG_INFO = YES;
				ONLY_ACTIVE_ARCH = YES;
				SDKROOT = iphoneos;
				SWIFT_ACTIVE_COMPILATION_CONDITIONS = DEBUG;
				SWIFT_OPTIMIZATION_LEVEL = "-Onone";
			};
			name = Debug;
		};
		FD05C0F6219FDD11009E238E /* Release */ = {
			isa = XCBuildConfiguration;
			buildSettings = {
				ALWAYS_SEARCH_USER_PATHS = NO;
				CLANG_ANALYZER_NONNULL = YES;
				CLANG_ANALYZER_NUMBER_OBJECT_CONVERSION = YES_AGGRESSIVE;
				CLANG_CXX_LANGUAGE_STANDARD = "gnu++14";
				CLANG_CXX_LIBRARY = "libc++";
				CLANG_ENABLE_MODULES = YES;
				CLANG_ENABLE_OBJC_ARC = YES;
				CLANG_ENABLE_OBJC_WEAK = YES;
				CLANG_WARN_BLOCK_CAPTURE_AUTORELEASING = YES;
				CLANG_WARN_BOOL_CONVERSION = YES;
				CLANG_WARN_COMMA = YES;
				CLANG_WARN_CONSTANT_CONVERSION = YES;
				CLANG_WARN_DEPRECATED_OBJC_IMPLEMENTATIONS = YES;
				CLANG_WARN_DIRECT_OBJC_ISA_USAGE = YES_ERROR;
				CLANG_WARN_DOCUMENTATION_COMMENTS = YES;
				CLANG_WARN_EMPTY_BODY = YES;
				CLANG_WARN_ENUM_CONVERSION = YES;
				CLANG_WARN_INFINITE_RECURSION = YES;
				CLANG_WARN_INT_CONVERSION = YES;
				CLANG_WARN_NON_LITERAL_NULL_CONVERSION = YES;
				CLANG_WARN_OBJC_IMPLICIT_RETAIN_SELF = YES;
				CLANG_WARN_OBJC_LITERAL_CONVERSION = YES;
				CLANG_WARN_OBJC_ROOT_CLASS = YES_ERROR;
				CLANG_WARN_RANGE_LOOP_ANALYSIS = YES;
				CLANG_WARN_STRICT_PROTOTYPES = YES;
				CLANG_WARN_SUSPICIOUS_MOVE = YES;
				CLANG_WARN_UNGUARDED_AVAILABILITY = YES_AGGRESSIVE;
				CLANG_WARN_UNREACHABLE_CODE = YES;
				CLANG_WARN__DUPLICATE_METHOD_MATCH = YES;
				CODE_SIGN_IDENTITY = "iPhone Developer";
				COPY_PHASE_STRIP = NO;
				DEBUG_INFORMATION_FORMAT = "dwarf-with-dsym";
				ENABLE_NS_ASSERTIONS = NO;
				ENABLE_STRICT_OBJC_MSGSEND = YES;
				GCC_C_LANGUAGE_STANDARD = gnu11;
				GCC_NO_COMMON_BLOCKS = YES;
				GCC_WARN_64_TO_32_BIT_CONVERSION = YES;
				GCC_WARN_ABOUT_RETURN_TYPE = YES_ERROR;
				GCC_WARN_UNDECLARED_SELECTOR = YES;
				GCC_WARN_UNINITIALIZED_AUTOS = YES_AGGRESSIVE;
				GCC_WARN_UNUSED_FUNCTION = YES;
				GCC_WARN_UNUSED_VARIABLE = YES;
				IPHONEOS_DEPLOYMENT_TARGET = 11.4;
				MTL_ENABLE_DEBUG_INFO = NO;
				SDKROOT = iphoneos;
				SWIFT_COMPILATION_MODE = wholemodule;
				SWIFT_OPTIMIZATION_LEVEL = "-O";
				VALIDATE_PRODUCT = YES;
			};
			name = Release;
		};
		FD05C0F8219FDD11009E238E /* Debug */ = {
			isa = XCBuildConfiguration;
			baseConfigurationReference = B23D114629FD1FD943F534C1 /* Pods-CZPickerViewDemo.debug.xcconfig */;
			buildSettings = {
				ASSETCATALOG_COMPILER_APPICON_NAME = AppIcon;
				CODE_SIGN_STYLE = Automatic;
				DEVELOPMENT_TEAM = JZHFWKUNJV;
				INFOPLIST_FILE = CZPickerViewDemo/Info.plist;
				LD_RUNPATH_SEARCH_PATHS = (
					"$(inherited)",
					"@executable_path/Frameworks",
				);
				PRODUCT_BUNDLE_IDENTIFIER = volive.CZPickerViewDemo;
				PRODUCT_NAME = "$(TARGET_NAME)";
				SWIFT_VERSION = 4.0;
				TARGETED_DEVICE_FAMILY = 1;
			};
			name = Debug;
		};
		FD05C0F9219FDD11009E238E /* Release */ = {
			isa = XCBuildConfiguration;
			baseConfigurationReference = 51060ACF6C70473D822D61B6 /* Pods-CZPickerViewDemo.release.xcconfig */;
			buildSettings = {
				ASSETCATALOG_COMPILER_APPICON_NAME = AppIcon;
				CODE_SIGN_STYLE = Automatic;
				DEVELOPMENT_TEAM = JZHFWKUNJV;
				INFOPLIST_FILE = CZPickerViewDemo/Info.plist;
				LD_RUNPATH_SEARCH_PATHS = (
					"$(inherited)",
					"@executable_path/Frameworks",
				);
				PRODUCT_BUNDLE_IDENTIFIER = volive.CZPickerViewDemo;
				PRODUCT_NAME = "$(TARGET_NAME)";
				SWIFT_VERSION = 4.0;
				TARGETED_DEVICE_FAMILY = 1;
			};
			name = Release;
		};
/* End XCBuildConfiguration section */

/* Begin XCConfigurationList section */
		FD05C0E0219FDCF6009E238E /* Build configuration list for PBXProject "CZPickerViewDemo" */ = {
			isa = XCConfigurationList;
			buildConfigurations = (
				FD05C0F5219FDD11009E238E /* Debug */,
				FD05C0F6219FDD11009E238E /* Release */,
			);
			defaultConfigurationIsVisible = 0;
			defaultConfigurationName = Release;
		};
		FD05C0F7219FDD11009E238E /* Build configuration list for PBXNativeTarget "CZPickerViewDemo" */ = {
			isa = XCConfigurationList;
			buildConfigurations = (
				FD05C0F8219FDD11009E238E /* Debug */,
				FD05C0F9219FDD11009E238E /* Release */,
			);
			defaultConfigurationIsVisible = 0;
			defaultConfigurationName = Release;
		};
/* End XCConfigurationList section */
	};
	rootObject = FD05C0DD219FDCF6009E238E /* Project object */;
}
